// !$*UTF8*$!
{
	archiveVersion = 1;
	classes = {
	};
	objectVersion = 56;
	objects = {

/* Begin PBXBuildFile section */
		3465A70D2AFC652B006A472A /* testingFlowApp.swift in Sources */ = {isa = PBXBuildFile; fileRef = 3465A70C2AFC652B006A472A /* testingFlowApp.swift */; };
		3465A70F2AFC652B006A472A /* ContentView.swift in Sources */ = {isa = PBXBuildFile; fileRef = 3465A70E2AFC652B006A472A /* ContentView.swift */; };
		3465A7112AFC652E006A472A /* Assets.xcassets in Resources */ = {isa = PBXBuildFile; fileRef = 3465A7102AFC652E006A472A /* Assets.xcassets */; };
		3465A7142AFC652E006A472A /* Preview Assets.xcassets in Resources */ = {isa = PBXBuildFile; fileRef = 3465A7132AFC652E006A472A /* Preview Assets.xcassets */; };
		3465A71E2AFC652E006A472A /* testingFlowTests.swift in Sources */ = {isa = PBXBuildFile; fileRef = 3465A71D2AFC652E006A472A /* testingFlowTests.swift */; };
		3465A7282AFC652E006A472A /* testingFlowUITests.swift in Sources */ = {isa = PBXBuildFile; fileRef = 3465A7272AFC652E006A472A /* testingFlowUITests.swift */; };
		3465A72A2AFC652E006A472A /* testingFlowUITestsLaunchTests.swift in Sources */ = {isa = PBXBuildFile; fileRef = 3465A7292AFC652E006A472A /* testingFlowUITestsLaunchTests.swift */; };
		3465A73B2AFC7803006A472A /* DivvyStacks.swift in Sources */ = {isa = PBXBuildFile; fileRef = 3465A73A2AFC7803006A472A /* DivvyStacks.swift */; };
/* End PBXBuildFile section */

/* Begin PBXContainerItemProxy section */
		3465A71A2AFC652E006A472A /* PBXContainerItemProxy */ = {
			isa = PBXContainerItemProxy;
			containerPortal = 3465A7012AFC652B006A472A /* Project object */;
			proxyType = 1;
			remoteGlobalIDString = 3465A7082AFC652B006A472A;
			remoteInfo = testingFlow;
		};
		3465A7242AFC652E006A472A /* PBXContainerItemProxy */ = {
			isa = PBXContainerItemProxy;
			containerPortal = 3465A7012AFC652B006A472A /* Project object */;
			proxyType = 1;
			remoteGlobalIDString = 3465A7082AFC652B006A472A;
			remoteInfo = testingFlow;
		};
/* End PBXContainerItemProxy section */

/* Begin PBXFileReference section */
		3465A7092AFC652B006A472A /* testingFlow.app */ = {isa = PBXFileReference; explicitFileType = wrapper.application; includeInIndex = 0; path = testingFlow.app; sourceTree = BUILT_PRODUCTS_DIR; };
		3465A70C2AFC652B006A472A /* testingFlowApp.swift */ = {isa = PBXFileReference; lastKnownFileType = sourcecode.swift; path = testingFlowApp.swift; sourceTree = "<group>"; };
		3465A70E2AFC652B006A472A /* ContentView.swift */ = {isa = PBXFileReference; lastKnownFileType = sourcecode.swift; path = ContentView.swift; sourceTree = "<group>"; };
		3465A7102AFC652E006A472A /* Assets.xcassets */ = {isa = PBXFileReference; lastKnownFileType = folder.assetcatalog; path = Assets.xcassets; sourceTree = "<group>"; };
		3465A7132AFC652E006A472A /* Preview Assets.xcassets */ = {isa = PBXFileReference; lastKnownFileType = folder.assetcatalog; path = "Preview Assets.xcassets"; sourceTree = "<group>"; };
		3465A7192AFC652E006A472A /* testingFlowTests.xctest */ = {isa = PBXFileReference; explicitFileType = wrapper.cfbundle; includeInIndex = 0; path = testingFlowTests.xctest; sourceTree = BUILT_PRODUCTS_DIR; };
		3465A71D2AFC652E006A472A /* testingFlowTests.swift */ = {isa = PBXFileReference; lastKnownFileType = sourcecode.swift; path = testingFlowTests.swift; sourceTree = "<group>"; };
		3465A7232AFC652E006A472A /* testingFlowUITests.xctest */ = {isa = PBXFileReference; explicitFileType = wrapper.cfbundle; includeInIndex = 0; path = testingFlowUITests.xctest; sourceTree = BUILT_PRODUCTS_DIR; };
		3465A7272AFC652E006A472A /* testingFlowUITests.swift */ = {isa = PBXFileReference; lastKnownFileType = sourcecode.swift; path = testingFlowUITests.swift; sourceTree = "<group>"; };
		3465A7292AFC652E006A472A /* testingFlowUITestsLaunchTests.swift */ = {isa = PBXFileReference; lastKnownFileType = sourcecode.swift; path = testingFlowUITestsLaunchTests.swift; sourceTree = "<group>"; };
		3465A73A2AFC7803006A472A /* DivvyStacks.swift */ = {isa = PBXFileReference; lastKnownFileType = sourcecode.swift; path = DivvyStacks.swift; sourceTree = "<group>"; };
/* End PBXFileReference section */

/* Begin PBXFrameworksBuildPhase section */
		3465A7062AFC652B006A472A /* Frameworks */ = {
			isa = PBXFrameworksBuildPhase;
			buildActionMask = 2147483647;
			files = (
			);
			runOnlyForDeploymentPostprocessing = 0;
		};
		3465A7162AFC652E006A472A /* Frameworks */ = {
			isa = PBXFrameworksBuildPhase;
			buildActionMask = 2147483647;
			files = (
			);
			runOnlyForDeploymentPostprocessing = 0;
		};
		3465A7202AFC652E006A472A /* Frameworks */ = {
			isa = PBXFrameworksBuildPhase;
			buildActionMask = 2147483647;
			files = (
			);
			runOnlyForDeploymentPostprocessing = 0;
		};
/* End PBXFrameworksBuildPhase section */

/* Begin PBXGroup section */
		3465A7002AFC652B006A472A = {
			isa = PBXGroup;
			children = (
				3465A70B2AFC652B006A472A /* testingFlow */,
				3465A71C2AFC652E006A472A /* testingFlowTests */,
				3465A7262AFC652E006A472A /* testingFlowUITests */,
				3465A70A2AFC652B006A472A /* Products */,
			);
			sourceTree = "<group>";
		};
		3465A70A2AFC652B006A472A /* Products */ = {
			isa = PBXGroup;
			children = (
				3465A7092AFC652B006A472A /* testingFlow.app */,
				3465A7192AFC652E006A472A /* testingFlowTests.xctest */,
				3465A7232AFC652E006A472A /* testingFlowUITests.xctest */,
			);
			name = Products;
			sourceTree = "<group>";
		};
		3465A70B2AFC652B006A472A /* testingFlow */ = {
			isa = PBXGroup;
			children = (
				3465A70C2AFC652B006A472A /* testingFlowApp.swift */,
				3465A70E2AFC652B006A472A /* ContentView.swift */,
				3465A73A2AFC7803006A472A /* DivvyStacks.swift */,
				3465A7102AFC652E006A472A /* Assets.xcassets */,
				3465A7122AFC652E006A472A /* Preview Content */,
			);
			path = testingFlow;
			sourceTree = "<group>";
		};
		3465A7122AFC652E006A472A /* Preview Content */ = {
			isa = PBXGroup;
			children = (
				3465A7132AFC652E006A472A /* Preview Assets.xcassets */,
			);
			path = "Preview Content";
			sourceTree = "<group>";
		};
		3465A71C2AFC652E006A472A /* testingFlowTests */ = {
			isa = PBXGroup;
			children = (
				3465A71D2AFC652E006A472A /* testingFlowTests.swift */,
			);
			path = testingFlowTests;
			sourceTree = "<group>";
		};
		3465A7262AFC652E006A472A /* testingFlowUITests */ = {
			isa = PBXGroup;
			children = (
				3465A7272AFC652E006A472A /* testingFlowUITests.swift */,
				3465A7292AFC652E006A472A /* testingFlowUITestsLaunchTests.swift */,
			);
			path = testingFlowUITests;
			sourceTree = "<group>";
		};
/* End PBXGroup section */

/* Begin PBXNativeTarget section */
		3465A7082AFC652B006A472A /* testingFlow */ = {
			isa = PBXNativeTarget;
			buildConfigurationList = 3465A72D2AFC652E006A472A /* Build configuration list for PBXNativeTarget "testingFlow" */;
			buildPhases = (
				3465A7052AFC652B006A472A /* Sources */,
				3465A7062AFC652B006A472A /* Frameworks */,
				3465A7072AFC652B006A472A /* Resources */,
			);
			buildRules = (
			);
			dependencies = (
			);
			name = testingFlow;
			productName = testingFlow;
			productReference = 3465A7092AFC652B006A472A /* testingFlow.app */;
			productType = "com.apple.product-type.application";
		};
		3465A7182AFC652E006A472A /* testingFlowTests */ = {
			isa = PBXNativeTarget;
			buildConfigurationList = 3465A7302AFC652E006A472A /* Build configuration list for PBXNativeTarget "testingFlowTests" */;
			buildPhases = (
				3465A7152AFC652E006A472A /* Sources */,
				3465A7162AFC652E006A472A /* Frameworks */,
				3465A7172AFC652E006A472A /* Resources */,
			);
			buildRules = (
			);
			dependencies = (
				3465A71B2AFC652E006A472A /* PBXTargetDependency */,
			);
			name = testingFlowTests;
			productName = testingFlowTests;
			productReference = 3465A7192AFC652E006A472A /* testingFlowTests.xctest */;
			productType = "com.apple.product-type.bundle.unit-test";
		};
		3465A7222AFC652E006A472A /* testingFlowUITests */ = {
			isa = PBXNativeTarget;
			buildConfigurationList = 3465A7332AFC652E006A472A /* Build configuration list for PBXNativeTarget "testingFlowUITests" */;
			buildPhases = (
				3465A71F2AFC652E006A472A /* Sources */,
				3465A7202AFC652E006A472A /* Frameworks */,
				3465A7212AFC652E006A472A /* Resources */,
			);
			buildRules = (
			);
			dependencies = (
				3465A7252AFC652E006A472A /* PBXTargetDependency */,
			);
			name = testingFlowUITests;
			productName = testingFlowUITests;
			productReference = 3465A7232AFC652E006A472A /* testingFlowUITests.xctest */;
			productType = "com.apple.product-type.bundle.ui-testing";
		};
/* End PBXNativeTarget section */

/* Begin PBXProject section */
		3465A7012AFC652B006A472A /* Project object */ = {
			isa = PBXProject;
			attributes = {
				BuildIndependentTargetsInParallel = 1;
				LastSwiftUpdateCheck = 1500;
				LastUpgradeCheck = 1500;
				TargetAttributes = {
					3465A7082AFC652B006A472A = {
						CreatedOnToolsVersion = 15.0.1;
					};
					3465A7182AFC652E006A472A = {
						CreatedOnToolsVersion = 15.0.1;
						TestTargetID = 3465A7082AFC652B006A472A;
					};
					3465A7222AFC652E006A472A = {
						CreatedOnToolsVersion = 15.0.1;
						TestTargetID = 3465A7082AFC652B006A472A;
					};
				};
			};
			buildConfigurationList = 3465A7042AFC652B006A472A /* Build configuration list for PBXProject "testingFlow" */;
			compatibilityVersion = "Xcode 14.0";
			developmentRegion = en;
			hasScannedForEncodings = 0;
			knownRegions = (
				en,
				Base,
			);
			mainGroup = 3465A7002AFC652B006A472A;
			productRefGroup = 3465A70A2AFC652B006A472A /* Products */;
			projectDirPath = "";
			projectRoot = "";
			targets = (
				3465A7082AFC652B006A472A /* testingFlow */,
				3465A7182AFC652E006A472A /* testingFlowTests */,
				3465A7222AFC652E006A472A /* testingFlowUITests */,
			);
		};
/* End PBXProject section */

/* Begin PBXResourcesBuildPhase section */
		3465A7072AFC652B006A472A /* Resources */ = {
			isa = PBXResourcesBuildPhase;
			buildActionMask = 2147483647;
			files = (
				3465A7142AFC652E006A472A /* Preview Assets.xcassets in Resources */,
				3465A7112AFC652E006A472A /* Assets.xcassets in Resources */,
			);
			runOnlyForDeploymentPostprocessing = 0;
		};
		3465A7172AFC652E006A472A /* Resources */ = {
			isa = PBXResourcesBuildPhase;
			buildActionMask = 2147483647;
			files = (
			);
			runOnlyForDeploymentPostprocessing = 0;
		};
		3465A7212AFC652E006A472A /* Resources */ = {
			isa = PBXResourcesBuildPhase;
			buildActionMask = 2147483647;
			files = (
			);
			runOnlyForDeploymentPostprocessing = 0;
		};
/* End PBXResourcesBuildPhase section */

/* Begin PBXSourcesBuildPhase section */
		3465A7052AFC652B006A472A /* Sources */ = {
			isa = PBXSourcesBuildPhase;
			buildActionMask = 2147483647;
			files = (
				3465A73B2AFC7803006A472A /* DivvyStacks.swift in Sources */,
				3465A70F2AFC652B006A472A /* ContentView.swift in Sources */,
				3465A70D2AFC652B006A472A /* testingFlowApp.swift in Sources */,
			);
			runOnlyForDeploymentPostprocessing = 0;
		};
		3465A7152AFC652E006A472A /* Sources */ = {
			isa = PBXSourcesBuildPhase;
			buildActionMask = 2147483647;
			files = (
				3465A71E2AFC652E006A472A /* testingFlowTests.swift in Sources */,
			);
			runOnlyForDeploymentPostprocessing = 0;
		};
		3465A71F2AFC652E006A472A /* Sources */ = {
			isa = PBXSourcesBuildPhase;
			buildActionMask = 2147483647;
			files = (
				3465A7282AFC652E006A472A /* testingFlowUITests.swift in Sources */,
				3465A72A2AFC652E006A472A /* testingFlowUITestsLaunchTests.swift in Sources */,
			);
			runOnlyForDeploymentPostprocessing = 0;
		};
/* End PBXSourcesBuildPhase section */

/* Begin PBXTargetDependency section */
		3465A71B2AFC652E006A472A /* PBXTargetDependency */ = {
			isa = PBXTargetDependency;
			target = 3465A7082AFC652B006A472A /* testingFlow */;
			targetProxy = 3465A71A2AFC652E006A472A /* PBXContainerItemProxy */;
		};
		3465A7252AFC652E006A472A /* PBXTargetDependency */ = {
			isa = PBXTargetDependency;
			target = 3465A7082AFC652B006A472A /* testingFlow */;
			targetProxy = 3465A7242AFC652E006A472A /* PBXContainerItemProxy */;
		};
/* End PBXTargetDependency section */

/* Begin XCBuildConfiguration section */
		3465A72B2AFC652E006A472A /* Debug */ = {
			isa = XCBuildConfiguration;
			buildSettings = {
				ALWAYS_SEARCH_USER_PATHS = NO;
				ASSETCATALOG_COMPILER_GENERATE_SWIFT_ASSET_SYMBOL_EXTENSIONS = YES;
				CLANG_ANALYZER_NONNULL = YES;
				CLANG_ANALYZER_NUMBER_OBJECT_CONVERSION = YES_AGGRESSIVE;
				CLANG_CXX_LANGUAGE_STANDARD = "gnu++20";
				CLANG_ENABLE_MODULES = YES;
				CLANG_ENABLE_OBJC_ARC = YES;
				CLANG_ENABLE_OBJC_WEAK = YES;
				CLANG_WARN_BLOCK_CAPTURE_AUTORELEASING = YES;
				CLANG_WARN_BOOL_CONVERSION = YES;
				CLANG_WARN_COMMA = YES;
				CLANG_WARN_CONSTANT_CONVERSION = YES;
				CLANG_WARN_DEPRECATED_OBJC_IMPLEMENTATIONS = YES;
				CLANG_WARN_DIRECT_OBJC_ISA_USAGE = YES_ERROR;
				CLANG_WARN_DOCUMENTATION_COMMENTS = YES;
				CLANG_WARN_EMPTY_BODY = YES;
				CLANG_WARN_ENUM_CONVERSION = YES;
				CLANG_WARN_INFINITE_RECURSION = YES;
				CLANG_WARN_INT_CONVERSION = YES;
				CLANG_WARN_NON_LITERAL_NULL_CONVERSION = YES;
				CLANG_WARN_OBJC_IMPLICIT_RETAIN_SELF = YES;
				CLANG_WARN_OBJC_LITERAL_CONVERSION = YES;
				CLANG_WARN_OBJC_ROOT_CLASS = YES_ERROR;
				CLANG_WARN_QUOTED_INCLUDE_IN_FRAMEWORK_HEADER = YES;
				CLANG_WARN_RANGE_LOOP_ANALYSIS = YES;
				CLANG_WARN_STRICT_PROTOTYPES = YES;
				CLANG_WARN_SUSPICIOUS_MOVE = YES;
				CLANG_WARN_UNGUARDED_AVAILABILITY = YES_AGGRESSIVE;
				CLANG_WARN_UNREACHABLE_CODE = YES;
				CLANG_WARN__DUPLICATE_METHOD_MATCH = YES;
				COPY_PHASE_STRIP = NO;
				DEBUG_INFORMATION_FORMAT = dwarf;
				ENABLE_STRICT_OBJC_MSGSEND = YES;
				ENABLE_TESTABILITY = YES;
				ENABLE_USER_SCRIPT_SANDBOXING = YES;
				GCC_C_LANGUAGE_STANDARD = gnu17;
				GCC_DYNAMIC_NO_PIC = NO;
				GCC_NO_COMMON_BLOCKS = YES;
				GCC_OPTIMIZATION_LEVEL = 0;
				GCC_PREPROCESSOR_DEFINITIONS = (
					"DEBUG=1",
					"$(inherited)",
				);
				GCC_WARN_64_TO_32_BIT_CONVERSION = YES;
				GCC_WARN_ABOUT_RETURN_TYPE = YES_ERROR;
				GCC_WARN_UNDECLARED_SELECTOR = YES;
				GCC_WARN_UNINITIALIZED_AUTOS = YES_AGGRESSIVE;
				GCC_WARN_UNUSED_FUNCTION = YES;
				GCC_WARN_UNUSED_VARIABLE = YES;
				IPHONEOS_DEPLOYMENT_TARGET = 17.0;
				LOCALIZATION_PREFERS_STRING_CATALOGS = YES;
				MTL_ENABLE_DEBUG_INFO = INCLUDE_SOURCE;
				MTL_FAST_MATH = YES;
				ONLY_ACTIVE_ARCH = YES;
				SDKROOT = iphoneos;
				SWIFT_ACTIVE_COMPILATION_CONDITIONS = "DEBUG $(inherited)";
				SWIFT_OPTIMIZATION_LEVEL = "-Onone";
			};
			name = Debug;
		};
		3465A72C2AFC652E006A472A /* Release */ = {
			isa = XCBuildConfiguration;
			buildSettings = {
				ALWAYS_SEARCH_USER_PATHS = NO;
				ASSETCATALOG_COMPILER_GENERATE_SWIFT_ASSET_SYMBOL_EXTENSIONS = YES;
				CLANG_ANALYZER_NONNULL = YES;
				CLANG_ANALYZER_NUMBER_OBJECT_CONVERSION = YES_AGGRESSIVE;
				CLANG_CXX_LANGUAGE_STANDARD = "gnu++20";
				CLANG_ENABLE_MODULES = YES;
				CLANG_ENABLE_OBJC_ARC = YES;
				CLANG_ENABLE_OBJC_WEAK = YES;
				CLANG_WARN_BLOCK_CAPTURE_AUTORELEASING = YES;
				CLANG_WARN_BOOL_CONVERSION = YES;
				CLANG_WARN_COMMA = YES;
				CLANG_WARN_CONSTANT_CONVERSION = YES;
				CLANG_WARN_DEPRECATED_OBJC_IMPLEMENTATIONS = YES;
				CLANG_WARN_DIRECT_OBJC_ISA_USAGE = YES_ERROR;
				CLANG_WARN_DOCUMENTATION_COMMENTS = YES;
				CLANG_WARN_EMPTY_BODY = YES;
				CLANG_WARN_ENUM_CONVERSION = YES;
				CLANG_WARN_INFINITE_RECURSION = YES;
				CLANG_WARN_INT_CONVERSION = YES;
				CLANG_WARN_NON_LITERAL_NULL_CONVERSION = YES;
				CLANG_WARN_OBJC_IMPLICIT_RETAIN_SELF = YES;
				CLANG_WARN_OBJC_LITERAL_CONVERSION = YES;
				CLANG_WARN_OBJC_ROOT_CLASS = YES_ERROR;
				CLANG_WARN_QUOTED_INCLUDE_IN_FRAMEWORK_HEADER = YES;
				CLANG_WARN_RANGE_LOOP_ANALYSIS = YES;
				CLANG_WARN_STRICT_PROTOTYPES = YES;
				CLANG_WARN_SUSPICIOUS_MOVE = YES;
				CLANG_WARN_UNGUARDED_AVAILABILITY = YES_AGGRESSIVE;
				CLANG_WARN_UNREACHABLE_CODE = YES;
				CLANG_WARN__DUPLICATE_METHOD_MATCH = YES;
				COPY_PHASE_STRIP = NO;
				DEBUG_INFORMATION_FORMAT = "dwarf-with-dsym";
				ENABLE_NS_ASSERTIONS = NO;
				ENABLE_STRICT_OBJC_MSGSEND = YES;
				ENABLE_USER_SCRIPT_SANDBOXING = YES;
				GCC_C_LANGUAGE_STANDARD = gnu17;
				GCC_NO_COMMON_BLOCKS = YES;
				GCC_WARN_64_TO_32_BIT_CONVERSION = YES;
				GCC_WARN_ABOUT_RETURN_TYPE = YES_ERROR;
				GCC_WARN_UNDECLARED_SELECTOR = YES;
				GCC_WARN_UNINITIALIZED_AUTOS = YES_AGGRESSIVE;
				GCC_WARN_UNUSED_FUNCTION = YES;
				GCC_WARN_UNUSED_VARIABLE = YES;
				IPHONEOS_DEPLOYMENT_TARGET = 17.0;
				LOCALIZATION_PREFERS_STRING_CATALOGS = YES;
				MTL_ENABLE_DEBUG_INFO = NO;
				MTL_FAST_MATH = YES;
				SDKROOT = iphoneos;
				SWIFT_COMPILATION_MODE = wholemodule;
				VALIDATE_PRODUCT = YES;
			};
			name = Release;
		};
		3465A72E2AFC652E006A472A /* Debug */ = {
			isa = XCBuildConfiguration;
			buildSettings = {
				ASSETCATALOG_COMPILER_APPICON_NAME = AppIcon;
				ASSETCATALOG_COMPILER_GLOBAL_ACCENT_COLOR_NAME = AccentColor;
				CODE_SIGN_STYLE = Automatic;
				CURRENT_PROJECT_VERSION = 1;
				DEVELOPMENT_ASSET_PATHS = "\"testingFlow/Preview Content\"";
				ENABLE_PREVIEWS = YES;
				GENERATE_INFOPLIST_FILE = YES;
				INFOPLIST_KEY_UIApplicationSceneManifest_Generation = YES;
				INFOPLIST_KEY_UIApplicationSupportsIndirectInputEvents = YES;
				INFOPLIST_KEY_UILaunchScreen_Generation = YES;
				INFOPLIST_KEY_UISupportedInterfaceOrientations_iPad = "UIInterfaceOrientationPortrait UIInterfaceOrientationPortraitUpsideDown UIInterfaceOrientationLandscapeLeft UIInterfaceOrientationLandscapeRight";
				INFOPLIST_KEY_UISupportedInterfaceOrientations_iPhone = "UIInterfaceOrientationPortrait UIInterfaceOrientationLandscapeLeft UIInterfaceOrientationLandscapeRight";
				LD_RUNPATH_SEARCH_PATHS = (
					"$(inherited)",
					"@executable_path/Frameworks",
				);
				MARKETING_VERSION = 1.0;
				PRODUCT_BUNDLE_IDENTIFIER = edu.columbia.testingFlow;
				PRODUCT_NAME = "$(TARGET_NAME)";
				SWIFT_EMIT_LOC_STRINGS = YES;
				SWIFT_VERSION = 5.0;
				TARGETED_DEVICE_FAMILY = "1,2";
			};
			name = Debug;
		};
		3465A72F2AFC652E006A472A /* Release */ = {
			isa = XCBuildConfiguration;
			buildSettings = {
				ASSETCATALOG_COMPILER_APPICON_NAME = AppIcon;
				ASSETCATALOG_COMPILER_GLOBAL_ACCENT_COLOR_NAME = AccentColor;
				CODE_SIGN_STYLE = Automatic;
				CURRENT_PROJECT_VERSION = 1;
				DEVELOPMENT_ASSET_PATHS = "\"testingFlow/Preview Content\"";
				ENABLE_PREVIEWS = YES;
				GENERATE_INFOPLIST_FILE = YES;
				INFOPLIST_KEY_UIApplicationSceneManifest_Generation = YES;
				INFOPLIST_KEY_UIApplicationSupportsIndirectInputEvents = YES;
				INFOPLIST_KEY_UILaunchScreen_Generation = YES;
				INFOPLIST_KEY_UISupportedInterfaceOrientations_iPad = "UIInterfaceOrientationPortrait UIInterfaceOrientationPortraitUpsideDown UIInterfaceOrientationLandscapeLeft UIInterfaceOrientationLandscapeRight";
				INFOPLIST_KEY_UISupportedInterfaceOrientations_iPhone = "UIInterfaceOrientationPortrait UIInterfaceOrientationLandscapeLeft UIInterfaceOrientationLandscapeRight";
				LD_RUNPATH_SEARCH_PATHS = (
					"$(inherited)",
					"@executable_path/Frameworks",
				);
				MARKETING_VERSION = 1.0;
				PRODUCT_BUNDLE_IDENTIFIER = edu.columbia.testingFlow;
				PRODUCT_NAME = "$(TARGET_NAME)";
				SWIFT_EMIT_LOC_STRINGS = YES;
				SWIFT_VERSION = 5.0;
				TARGETED_DEVICE_FAMILY = "1,2";
			};
			name = Release;
		};
		3465A7312AFC652E006A472A /* Debug */ = {
			isa = XCBuildConfiguration;
			buildSettings = {
				ALWAYS_EMBED_SWIFT_STANDARD_LIBRARIES = YES;
				BUNDLE_LOADER = "$(TEST_HOST)";
				CODE_SIGN_STYLE = Automatic;
				CURRENT_PROJECT_VERSION = 1;
				GENERATE_INFOPLIST_FILE = YES;
				IPHONEOS_DEPLOYMENT_TARGET = 17.0;
				MARKETING_VERSION = 1.0;
				PRODUCT_BUNDLE_IDENTIFIER = edu.columbia.testingFlowTests;
				PRODUCT_NAME = "$(TARGET_NAME)";
				SWIFT_EMIT_LOC_STRINGS = NO;
				SWIFT_VERSION = 5.0;
				TARGETED_DEVICE_FAMILY = "1,2";
				TEST_HOST = "$(BUILT_PRODUCTS_DIR)/testingFlow.app/$(BUNDLE_EXECUTABLE_FOLDER_PATH)/testingFlow";
			};
			name = Debug;
		};
		3465A7322AFC652E006A472A /* Release */ = {
			isa = XCBuildConfiguration;
			buildSettings = {
				ALWAYS_EMBED_SWIFT_STANDARD_LIBRARIES = YES;
				BUNDLE_LOADER = "$(TEST_HOST)";
				CODE_SIGN_STYLE = Automatic;
				CURRENT_PROJECT_VERSION = 1;
				GENERATE_INFOPLIST_FILE = YES;
				IPHONEOS_DEPLOYMENT_TARGET = 17.0;
				MARKETING_VERSION = 1.0;
				PRODUCT_BUNDLE_IDENTIFIER = edu.columbia.testingFlowTests;
				PRODUCT_NAME = "$(TARGET_NAME)";
				SWIFT_EMIT_LOC_STRINGS = NO;
				SWIFT_VERSION = 5.0;
				TARGETED_DEVICE_FAMILY = "1,2";
				TEST_HOST = "$(BUILT_PRODUCTS_DIR)/testingFlow.app/$(BUNDLE_EXECUTABLE_FOLDER_PATH)/testingFlow";
			};
			name = Release;
		};
		3465A7342AFC652E006A472A /* Debug */ = {
			isa = XCBuildConfiguration;
			buildSettings = {
				ALWAYS_EMBED_SWIFT_STANDARD_LIBRARIES = YES;
				CODE_SIGN_STYLE = Automatic;
				CURRENT_PROJECT_VERSION = 1;
				GENERATE_INFOPLIST_FILE = YES;
				MARKETING_VERSION = 1.0;
				PRODUCT_BUNDLE_IDENTIFIER = edu.columbia.testingFlowUITests;
				PRODUCT_NAME = "$(TARGET_NAME)";
				SWIFT_EMIT_LOC_STRINGS = NO;
				SWIFT_VERSION = 5.0;
				TARGETED_DEVICE_FAMILY = "1,2";
				TEST_TARGET_NAME = testingFlow;
			};
			name = Debug;
		};
		3465A7352AFC652E006A472A /* Release */ = {
			isa = XCBuildConfiguration;
			buildSettings = {
				ALWAYS_EMBED_SWIFT_STANDARD_LIBRARIES = YES;
				CODE_SIGN_STYLE = Automatic;
				CURRENT_PROJECT_VERSION = 1;
				GENERATE_INFOPLIST_FILE = YES;
				MARKETING_VERSION = 1.0;
				PRODUCT_BUNDLE_IDENTIFIER = edu.columbia.testingFlowUITests;
				PRODUCT_NAME = "$(TARGET_NAME)";
				SWIFT_EMIT_LOC_STRINGS = NO;
				SWIFT_VERSION = 5.0;
				TARGETED_DEVICE_FAMILY = "1,2";
				TEST_TARGET_NAME = testingFlow;
			};
			name = Release;
		};
/* End XCBuildConfiguration section */

/* Begin XCConfigurationList section */
		3465A7042AFC652B006A472A /* Build configuration list for PBXProject "testingFlow" */ = {
			isa = XCConfigurationList;
			buildConfigurations = (
				3465A72B2AFC652E006A472A /* Debug */,
				3465A72C2AFC652E006A472A /* Release */,
			);
			defaultConfigurationIsVisible = 0;
			defaultConfigurationName = Release;
		};
		3465A72D2AFC652E006A472A /* Build configuration list for PBXNativeTarget "testingFlow" */ = {
			isa = XCConfigurationList;
			buildConfigurations = (
				3465A72E2AFC652E006A472A /* Debug */,
				3465A72F2AFC652E006A472A /* Release */,
			);
			defaultConfigurationIsVisible = 0;
			defaultConfigurationName = Release;
		};
		3465A7302AFC652E006A472A /* Build configuration list for PBXNativeTarget "testingFlowTests" */ = {
			isa = XCConfigurationList;
			buildConfigurations = (
				3465A7312AFC652E006A472A /* Debug */,
				3465A7322AFC652E006A472A /* Release */,
			);
			defaultConfigurationIsVisible = 0;
			defaultConfigurationName = Release;
		};
		3465A7332AFC652E006A472A /* Build configuration list for PBXNativeTarget "testingFlowUITests" */ = {
			isa = XCConfigurationList;
			buildConfigurations = (
				3465A7342AFC652E006A472A /* Debug */,
				3465A7352AFC652E006A472A /* Release */,
			);
			defaultConfigurationIsVisible = 0;
			defaultConfigurationName = Release;
		};
/* End XCConfigurationList section */
	};
	rootObject = 3465A7012AFC652B006A472A /* Project object */;
}
