// !$*UTF8*$!
{
	archiveVersion = 1;
	classes = {
	};
	objectVersion = 56;
	objects = {

/* Begin PBXBuildFile section */
		4C5ED17B2B06C0E800D59DF5 /* CustomTabBarApp.swift in Sources */ = {isa = PBXBuildFile; fileRef = 4C5ED17A2B06C0E800D59DF5 /* CustomTabBarApp.swift */; };
		4C5ED17F2B06C19500D59DF5 /* NavBar.swift in Sources */ = {isa = PBXBuildFile; fileRef = 4C5ED17E2B06C19500D59DF5 /* NavBar.swift */; };
		4C5ED1812B06C1B200D59DF5 /* ViewRouter.swift in Sources */ = {isa = PBXBuildFile; fileRef = 4C5ED1802B06C1B200D59DF5 /* ViewRouter.swift */; };
		4C5ED1842B06C1E700D59DF5 /* Tag.swift in Sources */ = {isa = PBXBuildFile; fileRef = 4C5ED1832B06C1E700D59DF5 /* Tag.swift */; };
		4C5ED1892B06C20E00D59DF5 /* ChipView.swift in Sources */ = {isa = PBXBuildFile; fileRef = 4C5ED1882B06C20E00D59DF5 /* ChipView.swift */; };
		4C5ED18B2B06C21A00D59DF5 /* HomePage.swift in Sources */ = {isa = PBXBuildFile; fileRef = 4C5ED18A2B06C21A00D59DF5 /* HomePage.swift */; };
		4C5ED18D2B06C22400D59DF5 /* TagView.swift in Sources */ = {isa = PBXBuildFile; fileRef = 4C5ED18C2B06C22400D59DF5 /* TagView.swift */; };
		4C5ED18F2B06C63C00D59DF5 /* PhotoUploadView.swift in Sources */ = {isa = PBXBuildFile; fileRef = 4C5ED18E2B06C63C00D59DF5 /* PhotoUploadView.swift */; };
		4C5ED1912B06C65D00D59DF5 /* CameraView.swift in Sources */ = {isa = PBXBuildFile; fileRef = 4C5ED1902B06C65D00D59DF5 /* CameraView.swift */; };
		4C5ED1932B06C94800D59DF5 /* Draft.swift in Sources */ = {isa = PBXBuildFile; fileRef = 4C5ED1922B06C94800D59DF5 /* Draft.swift */; };
		523325412B04355E00FB6889 /* FirebaseAuthManager.swift in Sources */ = {isa = PBXBuildFile; fileRef = 523325402B04355E00FB6889 /* FirebaseAuthManager.swift */; };
		526A00622B06AA8800C4D236 /* CameraView.swift in Sources */ = {isa = PBXBuildFile; fileRef = 526A00612B06AA8800C4D236 /* CameraView.swift */; };
		526A00642B06BD2900C4D236 /* ImagePicker.swift in Sources */ = {isa = PBXBuildFile; fileRef = 526A00632B06BD2900C4D236 /* ImagePicker.swift */; };
		5274D51E2AEF382B0091B8C1 /* DivvyApp.swift in Sources */ = {isa = PBXBuildFile; fileRef = 5274D51D2AEF382B0091B8C1 /* DivvyApp.swift */; };
		5274D5202AEF382B0091B8C1 /* ContentView.swift in Sources */ = {isa = PBXBuildFile; fileRef = 5274D51F2AEF382B0091B8C1 /* ContentView.swift */; };
		5274D5222AEF382C0091B8C1 /* Assets.xcassets in Resources */ = {isa = PBXBuildFile; fileRef = 5274D5212AEF382C0091B8C1 /* Assets.xcassets */; };
		5274D5252AEF382C0091B8C1 /* Preview Assets.xcassets in Resources */ = {isa = PBXBuildFile; fileRef = 5274D5242AEF382C0091B8C1 /* Preview Assets.xcassets */; };
		528D4BC52AFECCCE00282606 /* FirebaseAnalytics in Frameworks */ = {isa = PBXBuildFile; productRef = 528D4BC42AFECCCE00282606 /* FirebaseAnalytics */; };
		528D4BC72AFECCCE00282606 /* FirebaseAnalyticsOnDeviceConversion in Frameworks */ = {isa = PBXBuildFile; productRef = 528D4BC62AFECCCE00282606 /* FirebaseAnalyticsOnDeviceConversion */; };
		528D4BC92AFECCCE00282606 /* FirebaseAnalyticsSwift in Frameworks */ = {isa = PBXBuildFile; productRef = 528D4BC82AFECCCE00282606 /* FirebaseAnalyticsSwift */; };
		528D4BCB2AFECCCE00282606 /* FirebaseAnalyticsWithoutAdIdSupport in Frameworks */ = {isa = PBXBuildFile; productRef = 528D4BCA2AFECCCE00282606 /* FirebaseAnalyticsWithoutAdIdSupport */; };
		528D4BCD2AFECCCE00282606 /* FirebaseAppCheck in Frameworks */ = {isa = PBXBuildFile; productRef = 528D4BCC2AFECCCE00282606 /* FirebaseAppCheck */; };
		528D4BCF2AFECCCE00282606 /* FirebaseAppDistribution-Beta in Frameworks */ = {isa = PBXBuildFile; productRef = 528D4BCE2AFECCCE00282606 /* FirebaseAppDistribution-Beta */; };
		528D4BD12AFECCCE00282606 /* FirebaseAuth in Frameworks */ = {isa = PBXBuildFile; productRef = 528D4BD02AFECCCE00282606 /* FirebaseAuth */; };
		528D4BD32AFECCCE00282606 /* FirebaseAuthCombine-Community in Frameworks */ = {isa = PBXBuildFile; productRef = 528D4BD22AFECCCE00282606 /* FirebaseAuthCombine-Community */; };
		528D4BD52AFECCCE00282606 /* FirebaseCrashlytics in Frameworks */ = {isa = PBXBuildFile; productRef = 528D4BD42AFECCCE00282606 /* FirebaseCrashlytics */; };
		528D4BD72AFECCCE00282606 /* FirebaseDatabase in Frameworks */ = {isa = PBXBuildFile; productRef = 528D4BD62AFECCCE00282606 /* FirebaseDatabase */; };
		528D4BD92AFECCCE00282606 /* FirebaseDatabaseSwift in Frameworks */ = {isa = PBXBuildFile; productRef = 528D4BD82AFECCCE00282606 /* FirebaseDatabaseSwift */; };
		528D4BDB2AFECCCE00282606 /* FirebaseDynamicLinks in Frameworks */ = {isa = PBXBuildFile; productRef = 528D4BDA2AFECCCE00282606 /* FirebaseDynamicLinks */; };
		528D4BDD2AFECCCE00282606 /* FirebaseFirestore in Frameworks */ = {isa = PBXBuildFile; productRef = 528D4BDC2AFECCCE00282606 /* FirebaseFirestore */; };
		528D4BDF2AFECCCE00282606 /* FirebaseFirestoreCombine-Community in Frameworks */ = {isa = PBXBuildFile; productRef = 528D4BDE2AFECCCE00282606 /* FirebaseFirestoreCombine-Community */; };
		528D4BE12AFECCCE00282606 /* FirebaseInAppMessagingSwift-Beta in Frameworks */ = {isa = PBXBuildFile; productRef = 528D4BE02AFECCCE00282606 /* FirebaseInAppMessagingSwift-Beta */; };
		528D4BE32AFECCCE00282606 /* FirebaseInstallations in Frameworks */ = {isa = PBXBuildFile; productRef = 528D4BE22AFECCCE00282606 /* FirebaseInstallations */; };
		528D4BE52AFECCCE00282606 /* FirebaseMLModelDownloader in Frameworks */ = {isa = PBXBuildFile; productRef = 528D4BE42AFECCCE00282606 /* FirebaseMLModelDownloader */; };
		528D4BE72AFECCCE00282606 /* FirebaseMessaging in Frameworks */ = {isa = PBXBuildFile; productRef = 528D4BE62AFECCCE00282606 /* FirebaseMessaging */; };
		528D4BE92AFECCCE00282606 /* FirebasePerformance in Frameworks */ = {isa = PBXBuildFile; productRef = 528D4BE82AFECCCE00282606 /* FirebasePerformance */; };
		528D4BEB2AFECCCE00282606 /* FirebaseRemoteConfig in Frameworks */ = {isa = PBXBuildFile; productRef = 528D4BEA2AFECCCE00282606 /* FirebaseRemoteConfig */; };
		528D4BED2AFECCCE00282606 /* FirebaseRemoteConfigSwift in Frameworks */ = {isa = PBXBuildFile; productRef = 528D4BEC2AFECCCE00282606 /* FirebaseRemoteConfigSwift */; };
		528D4BEF2AFECCCE00282606 /* FirebaseStorage in Frameworks */ = {isa = PBXBuildFile; productRef = 528D4BEE2AFECCCE00282606 /* FirebaseStorage */; };
		528D4BF12AFECCCE00282606 /* FirebaseStorageCombine-Community in Frameworks */ = {isa = PBXBuildFile; productRef = 528D4BF02AFECCCE00282606 /* FirebaseStorageCombine-Community */; };
		528D4BF62AFED64500282606 /* GoogleService-Info.plist in Resources */ = {isa = PBXBuildFile; fileRef = 528D4BF52AFED64500282606 /* GoogleService-Info.plist */; };
/* End PBXBuildFile section */

/* Begin PBXFileReference section */
		4C5ED17A2B06C0E800D59DF5 /* CustomTabBarApp.swift */ = {isa = PBXFileReference; lastKnownFileType = sourcecode.swift; path = CustomTabBarApp.swift; sourceTree = "<group>"; };
		4C5ED17E2B06C19500D59DF5 /* NavBar.swift */ = {isa = PBXFileReference; lastKnownFileType = sourcecode.swift; path = NavBar.swift; sourceTree = "<group>"; };
		4C5ED1802B06C1B200D59DF5 /* ViewRouter.swift */ = {isa = PBXFileReference; lastKnownFileType = sourcecode.swift; path = ViewRouter.swift; sourceTree = "<group>"; };
		4C5ED1832B06C1E700D59DF5 /* Tag.swift */ = {isa = PBXFileReference; lastKnownFileType = sourcecode.swift; path = Tag.swift; sourceTree = "<group>"; };
		4C5ED1882B06C20E00D59DF5 /* ChipView.swift */ = {isa = PBXFileReference; lastKnownFileType = sourcecode.swift; path = ChipView.swift; sourceTree = "<group>"; };
		4C5ED18A2B06C21A00D59DF5 /* HomePage.swift */ = {isa = PBXFileReference; lastKnownFileType = sourcecode.swift; path = HomePage.swift; sourceTree = "<group>"; };
		4C5ED18C2B06C22400D59DF5 /* TagView.swift */ = {isa = PBXFileReference; lastKnownFileType = sourcecode.swift; path = TagView.swift; sourceTree = "<group>"; };
		4C5ED18E2B06C63C00D59DF5 /* PhotoUploadView.swift */ = {isa = PBXFileReference; lastKnownFileType = sourcecode.swift; path = PhotoUploadView.swift; sourceTree = "<group>"; };
		4C5ED1902B06C65D00D59DF5 /* CameraView.swift */ = {isa = PBXFileReference; lastKnownFileType = sourcecode.swift; path = CameraView.swift; sourceTree = "<group>"; };
		4C5ED1922B06C94800D59DF5 /* Draft.swift */ = {isa = PBXFileReference; lastKnownFileType = sourcecode.swift; path = Draft.swift; sourceTree = "<group>"; };
		523325402B04355E00FB6889 /* FirebaseAuthManager.swift */ = {isa = PBXFileReference; lastKnownFileType = sourcecode.swift; path = FirebaseAuthManager.swift; sourceTree = "<group>"; };
		526A00612B06AA8800C4D236 /* CameraView.swift */ = {isa = PBXFileReference; lastKnownFileType = sourcecode.swift; path = CameraView.swift; sourceTree = "<group>"; };
		526A00632B06BD2900C4D236 /* ImagePicker.swift */ = {isa = PBXFileReference; lastKnownFileType = sourcecode.swift; path = ImagePicker.swift; sourceTree = "<group>"; };
		5274D51A2AEF382B0091B8C1 /* Divvy.app */ = {isa = PBXFileReference; explicitFileType = wrapper.application; includeInIndex = 0; path = Divvy.app; sourceTree = BUILT_PRODUCTS_DIR; };
		5274D51D2AEF382B0091B8C1 /* DivvyApp.swift */ = {isa = PBXFileReference; lastKnownFileType = sourcecode.swift; path = DivvyApp.swift; sourceTree = "<group>"; };
		5274D51F2AEF382B0091B8C1 /* ContentView.swift */ = {isa = PBXFileReference; lastKnownFileType = sourcecode.swift; path = ContentView.swift; sourceTree = "<group>"; };
		5274D5212AEF382C0091B8C1 /* Assets.xcassets */ = {isa = PBXFileReference; lastKnownFileType = folder.assetcatalog; path = Assets.xcassets; sourceTree = "<group>"; };
		5274D5242AEF382C0091B8C1 /* Preview Assets.xcassets */ = {isa = PBXFileReference; lastKnownFileType = folder.assetcatalog; path = "Preview Assets.xcassets"; sourceTree = "<group>"; };
		528D4BF52AFED64500282606 /* GoogleService-Info.plist */ = {isa = PBXFileReference; fileEncoding = 4; lastKnownFileType = text.plist.xml; path = "GoogleService-Info.plist"; sourceTree = "<group>"; };
/* End PBXFileReference section */

/* Begin PBXFrameworksBuildPhase section */
		5274D5172AEF382B0091B8C1 /* Frameworks */ = {
			isa = PBXFrameworksBuildPhase;
			buildActionMask = 2147483647;
			files = (
				528D4BE72AFECCCE00282606 /* FirebaseMessaging in Frameworks */,
				528D4BE52AFECCCE00282606 /* FirebaseMLModelDownloader in Frameworks */,
				528D4BD72AFECCCE00282606 /* FirebaseDatabase in Frameworks */,
				528D4BF12AFECCCE00282606 /* FirebaseStorageCombine-Community in Frameworks */,
				528D4BED2AFECCCE00282606 /* FirebaseRemoteConfigSwift in Frameworks */,
				528D4BDD2AFECCCE00282606 /* FirebaseFirestore in Frameworks */,
				528D4BC92AFECCCE00282606 /* FirebaseAnalyticsSwift in Frameworks */,
				528D4BC52AFECCCE00282606 /* FirebaseAnalytics in Frameworks */,
				528D4BC72AFECCCE00282606 /* FirebaseAnalyticsOnDeviceConversion in Frameworks */,
				528D4BCD2AFECCCE00282606 /* FirebaseAppCheck in Frameworks */,
				528D4BCB2AFECCCE00282606 /* FirebaseAnalyticsWithoutAdIdSupport in Frameworks */,
				528D4BE12AFECCCE00282606 /* FirebaseInAppMessagingSwift-Beta in Frameworks */,
				528D4BD12AFECCCE00282606 /* FirebaseAuth in Frameworks */,
				528D4BD52AFECCCE00282606 /* FirebaseCrashlytics in Frameworks */,
				528D4BD92AFECCCE00282606 /* FirebaseDatabaseSwift in Frameworks */,
				528D4BE32AFECCCE00282606 /* FirebaseInstallations in Frameworks */,
				528D4BE92AFECCCE00282606 /* FirebasePerformance in Frameworks */,
				528D4BCF2AFECCCE00282606 /* FirebaseAppDistribution-Beta in Frameworks */,
				528D4BD32AFECCCE00282606 /* FirebaseAuthCombine-Community in Frameworks */,
				528D4BDB2AFECCCE00282606 /* FirebaseDynamicLinks in Frameworks */,
				528D4BEF2AFECCCE00282606 /* FirebaseStorage in Frameworks */,
				528D4BDF2AFECCCE00282606 /* FirebaseFirestoreCombine-Community in Frameworks */,
				528D4BEB2AFECCCE00282606 /* FirebaseRemoteConfig in Frameworks */,
			);
			runOnlyForDeploymentPostprocessing = 0;
		};
/* End PBXFrameworksBuildPhase section */

/* Begin PBXGroup section */
		4C5ED1822B06C1DC00D59DF5 /* Model */ = {
			isa = PBXGroup;
			children = (
				4C5ED1832B06C1E700D59DF5 /* Tag.swift */,
			);
			path = Model;
			sourceTree = "<group>";
		};
		4C5ED1852B06C1F400D59DF5 /* View */ = {
			isa = PBXGroup;
			children = (
				4C5ED18E2B06C63C00D59DF5 /* PhotoUploadView.swift */,
				4C5ED1882B06C20E00D59DF5 /* ChipView.swift */,
				4C5ED18A2B06C21A00D59DF5 /* HomePage.swift */,
				4C5ED18C2B06C22400D59DF5 /* TagView.swift */,
				4C5ED1902B06C65D00D59DF5 /* CameraView.swift */,
			);
			path = View;
			sourceTree = "<group>";
		};
		5274D5112AEF382A0091B8C1 = {
			isa = PBXGroup;
			children = (
				5274D51C2AEF382B0091B8C1 /* Divvy */,
				5274D51B2AEF382B0091B8C1 /* Products */,
			);
			sourceTree = "<group>";
		};
		5274D51B2AEF382B0091B8C1 /* Products */ = {
			isa = PBXGroup;
			children = (
				5274D51A2AEF382B0091B8C1 /* Divvy.app */,
			);
			name = Products;
			sourceTree = "<group>";
		};
		5274D51C2AEF382B0091B8C1 /* Divvy */ = {
			isa = PBXGroup;
			children = (
				4C5ED1852B06C1F400D59DF5 /* View */,
				4C5ED1822B06C1DC00D59DF5 /* Model */,
				528D4BF52AFED64500282606 /* GoogleService-Info.plist */,
				5274D51D2AEF382B0091B8C1 /* DivvyApp.swift */,
				523325402B04355E00FB6889 /* FirebaseAuthManager.swift */,
				5274D51F2AEF382B0091B8C1 /* ContentView.swift */,
				526A00612B06AA8800C4D236 /* CameraView.swift */,
				526A00632B06BD2900C4D236 /* ImagePicker.swift */,
				5274D5212AEF382C0091B8C1 /* Assets.xcassets */,
				5274D5232AEF382C0091B8C1 /* Preview Content */,
				4C5ED17A2B06C0E800D59DF5 /* CustomTabBarApp.swift */,
				4C5ED17E2B06C19500D59DF5 /* NavBar.swift */,
				4C5ED1802B06C1B200D59DF5 /* ViewRouter.swift */,
				4C5ED1922B06C94800D59DF5 /* Draft.swift */,
			);
			path = Divvy;
			sourceTree = "<group>";
		};
		5274D5232AEF382C0091B8C1 /* Preview Content */ = {
			isa = PBXGroup;
			children = (
				5274D5242AEF382C0091B8C1 /* Preview Assets.xcassets */,
			);
			path = "Preview Content";
			sourceTree = "<group>";
		};
/* End PBXGroup section */

/* Begin PBXNativeTarget section */
		5274D5192AEF382B0091B8C1 /* Divvy */ = {
			isa = PBXNativeTarget;
			buildConfigurationList = 5274D5282AEF382C0091B8C1 /* Build configuration list for PBXNativeTarget "Divvy" */;
			buildPhases = (
				5274D5162AEF382B0091B8C1 /* Sources */,
				5274D5172AEF382B0091B8C1 /* Frameworks */,
				5274D5182AEF382B0091B8C1 /* Resources */,
			);
			buildRules = (
			);
			dependencies = (
			);
			name = Divvy;
			packageProductDependencies = (
				528D4BC42AFECCCE00282606 /* FirebaseAnalytics */,
				528D4BC62AFECCCE00282606 /* FirebaseAnalyticsOnDeviceConversion */,
				528D4BC82AFECCCE00282606 /* FirebaseAnalyticsSwift */,
				528D4BCA2AFECCCE00282606 /* FirebaseAnalyticsWithoutAdIdSupport */,
				528D4BCC2AFECCCE00282606 /* FirebaseAppCheck */,
				528D4BCE2AFECCCE00282606 /* FirebaseAppDistribution-Beta */,
				528D4BD02AFECCCE00282606 /* FirebaseAuth */,
				528D4BD22AFECCCE00282606 /* FirebaseAuthCombine-Community */,
				528D4BD42AFECCCE00282606 /* FirebaseCrashlytics */,
				528D4BD62AFECCCE00282606 /* FirebaseDatabase */,
				528D4BD82AFECCCE00282606 /* FirebaseDatabaseSwift */,
				528D4BDA2AFECCCE00282606 /* FirebaseDynamicLinks */,
				528D4BDC2AFECCCE00282606 /* FirebaseFirestore */,
				528D4BDE2AFECCCE00282606 /* FirebaseFirestoreCombine-Community */,
				528D4BE02AFECCCE00282606 /* FirebaseInAppMessagingSwift-Beta */,
				528D4BE22AFECCCE00282606 /* FirebaseInstallations */,
				528D4BE42AFECCCE00282606 /* FirebaseMLModelDownloader */,
				528D4BE62AFECCCE00282606 /* FirebaseMessaging */,
				528D4BE82AFECCCE00282606 /* FirebasePerformance */,
				528D4BEA2AFECCCE00282606 /* FirebaseRemoteConfig */,
				528D4BEC2AFECCCE00282606 /* FirebaseRemoteConfigSwift */,
				528D4BEE2AFECCCE00282606 /* FirebaseStorage */,
				528D4BF02AFECCCE00282606 /* FirebaseStorageCombine-Community */,
			);
			productName = Divvy;
			productReference = 5274D51A2AEF382B0091B8C1 /* Divvy.app */;
			productType = "com.apple.product-type.application";
		};
/* End PBXNativeTarget section */

/* Begin PBXProject section */
		5274D5122AEF382A0091B8C1 /* Project object */ = {
			isa = PBXProject;
			attributes = {
				BuildIndependentTargetsInParallel = 1;
				LastSwiftUpdateCheck = 1500;
				LastUpgradeCheck = 1500;
				TargetAttributes = {
					5274D5192AEF382B0091B8C1 = {
						CreatedOnToolsVersion = 15.0.1;
					};
				};
			};
			buildConfigurationList = 5274D5152AEF382A0091B8C1 /* Build configuration list for PBXProject "Divvy" */;
			compatibilityVersion = "Xcode 14.0";
			developmentRegion = en;
			hasScannedForEncodings = 0;
			knownRegions = (
				en,
				Base,
			);
			mainGroup = 5274D5112AEF382A0091B8C1;
			packageReferences = (
				528D4BC32AFECCCE00282606 /* XCRemoteSwiftPackageReference "firebase-ios-sdk" */,
			);
			productRefGroup = 5274D51B2AEF382B0091B8C1 /* Products */;
			projectDirPath = "";
			projectRoot = "";
			targets = (
				5274D5192AEF382B0091B8C1 /* Divvy */,
			);
		};
/* End PBXProject section */

/* Begin PBXResourcesBuildPhase section */
		5274D5182AEF382B0091B8C1 /* Resources */ = {
			isa = PBXResourcesBuildPhase;
			buildActionMask = 2147483647;
			files = (
				5274D5252AEF382C0091B8C1 /* Preview Assets.xcassets in Resources */,
				5274D5222AEF382C0091B8C1 /* Assets.xcassets in Resources */,
				528D4BF62AFED64500282606 /* GoogleService-Info.plist in Resources */,
			);
			runOnlyForDeploymentPostprocessing = 0;
		};
/* End PBXResourcesBuildPhase section */

/* Begin PBXSourcesBuildPhase section */
		5274D5162AEF382B0091B8C1 /* Sources */ = {
			isa = PBXSourcesBuildPhase;
			buildActionMask = 2147483647;
			files = (
				4C5ED17F2B06C19500D59DF5 /* NavBar.swift in Sources */,
				4C5ED17B2B06C0E800D59DF5 /* CustomTabBarApp.swift in Sources */,
				4C5ED18D2B06C22400D59DF5 /* TagView.swift in Sources */,
				4C5ED1912B06C65D00D59DF5 /* CameraView.swift in Sources */,
				523325412B04355E00FB6889 /* FirebaseAuthManager.swift in Sources */,
				4C5ED1842B06C1E700D59DF5 /* Tag.swift in Sources */,
				4C5ED1812B06C1B200D59DF5 /* ViewRouter.swift in Sources */,
				4C5ED18F2B06C63C00D59DF5 /* PhotoUploadView.swift in Sources */,
				4C5ED18B2B06C21A00D59DF5 /* HomePage.swift in Sources */,
				4C5ED1892B06C20E00D59DF5 /* ChipView.swift in Sources */,
				5274D5202AEF382B0091B8C1 /* ContentView.swift in Sources */,
				526A00642B06BD2900C4D236 /* ImagePicker.swift in Sources */,
				4C5ED1932B06C94800D59DF5 /* Draft.swift in Sources */,
				5274D51E2AEF382B0091B8C1 /* DivvyApp.swift in Sources */,
			);
			runOnlyForDeploymentPostprocessing = 0;
		};
/* End PBXSourcesBuildPhase section */

/* Begin XCBuildConfiguration section */
		5274D5262AEF382C0091B8C1 /* Debug */ = {
			isa = XCBuildConfiguration;
			buildSettings = {
				ALWAYS_SEARCH_USER_PATHS = NO;
				ASSETCATALOG_COMPILER_GENERATE_SWIFT_ASSET_SYMBOL_EXTENSIONS = YES;
				CLANG_ANALYZER_NONNULL = YES;
				CLANG_ANALYZER_NUMBER_OBJECT_CONVERSION = YES_AGGRESSIVE;
				CLANG_CXX_LANGUAGE_STANDARD = "gnu++20";
				CLANG_ENABLE_MODULES = YES;
				CLANG_ENABLE_OBJC_ARC = YES;
				CLANG_ENABLE_OBJC_WEAK = YES;
				CLANG_WARN_BLOCK_CAPTURE_AUTORELEASING = YES;
				CLANG_WARN_BOOL_CONVERSION = YES;
				CLANG_WARN_COMMA = YES;
				CLANG_WARN_CONSTANT_CONVERSION = YES;
				CLANG_WARN_DEPRECATED_OBJC_IMPLEMENTATIONS = YES;
				CLANG_WARN_DIRECT_OBJC_ISA_USAGE = YES_ERROR;
				CLANG_WARN_DOCUMENTATION_COMMENTS = YES;
				CLANG_WARN_EMPTY_BODY = YES;
				CLANG_WARN_ENUM_CONVERSION = YES;
				CLANG_WARN_INFINITE_RECURSION = YES;
				CLANG_WARN_INT_CONVERSION = YES;
				CLANG_WARN_NON_LITERAL_NULL_CONVERSION = YES;
				CLANG_WARN_OBJC_IMPLICIT_RETAIN_SELF = YES;
				CLANG_WARN_OBJC_LITERAL_CONVERSION = YES;
				CLANG_WARN_OBJC_ROOT_CLASS = YES_ERROR;
				CLANG_WARN_QUOTED_INCLUDE_IN_FRAMEWORK_HEADER = YES;
				CLANG_WARN_RANGE_LOOP_ANALYSIS = YES;
				CLANG_WARN_STRICT_PROTOTYPES = YES;
				CLANG_WARN_SUSPICIOUS_MOVE = YES;
				CLANG_WARN_UNGUARDED_AVAILABILITY = YES_AGGRESSIVE;
				CLANG_WARN_UNREACHABLE_CODE = YES;
				CLANG_WARN__DUPLICATE_METHOD_MATCH = YES;
				COPY_PHASE_STRIP = NO;
				DEBUG_INFORMATION_FORMAT = dwarf;
				ENABLE_STRICT_OBJC_MSGSEND = YES;
				ENABLE_TESTABILITY = YES;
				ENABLE_USER_SCRIPT_SANDBOXING = YES;
				GCC_C_LANGUAGE_STANDARD = gnu17;
				GCC_DYNAMIC_NO_PIC = NO;
				GCC_NO_COMMON_BLOCKS = YES;
				GCC_OPTIMIZATION_LEVEL = 0;
				GCC_PREPROCESSOR_DEFINITIONS = (
					"DEBUG=1",
					"$(inherited)",
				);
				GCC_WARN_64_TO_32_BIT_CONVERSION = YES;
				GCC_WARN_ABOUT_RETURN_TYPE = YES_ERROR;
				GCC_WARN_UNDECLARED_SELECTOR = YES;
				GCC_WARN_UNINITIALIZED_AUTOS = YES_AGGRESSIVE;
				GCC_WARN_UNUSED_FUNCTION = YES;
				GCC_WARN_UNUSED_VARIABLE = YES;
				IPHONEOS_DEPLOYMENT_TARGET = 17.0;
				LOCALIZATION_PREFERS_STRING_CATALOGS = YES;
				MTL_ENABLE_DEBUG_INFO = INCLUDE_SOURCE;
				MTL_FAST_MATH = YES;
				ONLY_ACTIVE_ARCH = YES;
				SDKROOT = iphoneos;
				SWIFT_ACTIVE_COMPILATION_CONDITIONS = "DEBUG $(inherited)";
				SWIFT_OPTIMIZATION_LEVEL = "-Onone";
			};
			name = Debug;
		};
		5274D5272AEF382C0091B8C1 /* Release */ = {
			isa = XCBuildConfiguration;
			buildSettings = {
				ALWAYS_SEARCH_USER_PATHS = NO;
				ASSETCATALOG_COMPILER_GENERATE_SWIFT_ASSET_SYMBOL_EXTENSIONS = YES;
				CLANG_ANALYZER_NONNULL = YES;
				CLANG_ANALYZER_NUMBER_OBJECT_CONVERSION = YES_AGGRESSIVE;
				CLANG_CXX_LANGUAGE_STANDARD = "gnu++20";
				CLANG_ENABLE_MODULES = YES;
				CLANG_ENABLE_OBJC_ARC = YES;
				CLANG_ENABLE_OBJC_WEAK = YES;
				CLANG_WARN_BLOCK_CAPTURE_AUTORELEASING = YES;
				CLANG_WARN_BOOL_CONVERSION = YES;
				CLANG_WARN_COMMA = YES;
				CLANG_WARN_CONSTANT_CONVERSION = YES;
				CLANG_WARN_DEPRECATED_OBJC_IMPLEMENTATIONS = YES;
				CLANG_WARN_DIRECT_OBJC_ISA_USAGE = YES_ERROR;
				CLANG_WARN_DOCUMENTATION_COMMENTS = YES;
				CLANG_WARN_EMPTY_BODY = YES;
				CLANG_WARN_ENUM_CONVERSION = YES;
				CLANG_WARN_INFINITE_RECURSION = YES;
				CLANG_WARN_INT_CONVERSION = YES;
				CLANG_WARN_NON_LITERAL_NULL_CONVERSION = YES;
				CLANG_WARN_OBJC_IMPLICIT_RETAIN_SELF = YES;
				CLANG_WARN_OBJC_LITERAL_CONVERSION = YES;
				CLANG_WARN_OBJC_ROOT_CLASS = YES_ERROR;
				CLANG_WARN_QUOTED_INCLUDE_IN_FRAMEWORK_HEADER = YES;
				CLANG_WARN_RANGE_LOOP_ANALYSIS = YES;
				CLANG_WARN_STRICT_PROTOTYPES = YES;
				CLANG_WARN_SUSPICIOUS_MOVE = YES;
				CLANG_WARN_UNGUARDED_AVAILABILITY = YES_AGGRESSIVE;
				CLANG_WARN_UNREACHABLE_CODE = YES;
				CLANG_WARN__DUPLICATE_METHOD_MATCH = YES;
				COPY_PHASE_STRIP = NO;
				DEBUG_INFORMATION_FORMAT = "dwarf-with-dsym";
				ENABLE_NS_ASSERTIONS = NO;
				ENABLE_STRICT_OBJC_MSGSEND = YES;
				ENABLE_USER_SCRIPT_SANDBOXING = YES;
				GCC_C_LANGUAGE_STANDARD = gnu17;
				GCC_NO_COMMON_BLOCKS = YES;
				GCC_WARN_64_TO_32_BIT_CONVERSION = YES;
				GCC_WARN_ABOUT_RETURN_TYPE = YES_ERROR;
				GCC_WARN_UNDECLARED_SELECTOR = YES;
				GCC_WARN_UNINITIALIZED_AUTOS = YES_AGGRESSIVE;
				GCC_WARN_UNUSED_FUNCTION = YES;
				GCC_WARN_UNUSED_VARIABLE = YES;
				IPHONEOS_DEPLOYMENT_TARGET = 17.0;
				LOCALIZATION_PREFERS_STRING_CATALOGS = YES;
				MTL_ENABLE_DEBUG_INFO = NO;
				MTL_FAST_MATH = YES;
				SDKROOT = iphoneos;
				SWIFT_COMPILATION_MODE = wholemodule;
				VALIDATE_PRODUCT = YES;
			};
			name = Release;
		};
		5274D5292AEF382C0091B8C1 /* Debug */ = {
			isa = XCBuildConfiguration;
			buildSettings = {
				ASSETCATALOG_COMPILER_APPICON_NAME = AppIcon;
				ASSETCATALOG_COMPILER_GLOBAL_ACCENT_COLOR_NAME = AccentColor;
				CODE_SIGN_STYLE = Automatic;
				CURRENT_PROJECT_VERSION = 1;
				DEVELOPMENT_ASSET_PATHS = "\"Divvy/Preview Content\"";
				ENABLE_PREVIEWS = YES;
				GENERATE_INFOPLIST_FILE = YES;
				INFOPLIST_KEY_UIApplicationSceneManifest_Generation = YES;
				INFOPLIST_KEY_UIApplicationSupportsIndirectInputEvents = YES;
				INFOPLIST_KEY_UILaunchScreen_Generation = YES;
				INFOPLIST_KEY_UISupportedInterfaceOrientations_iPad = "UIInterfaceOrientationPortrait UIInterfaceOrientationPortraitUpsideDown UIInterfaceOrientationLandscapeLeft UIInterfaceOrientationLandscapeRight";
				INFOPLIST_KEY_UISupportedInterfaceOrientations_iPhone = "UIInterfaceOrientationPortrait UIInterfaceOrientationLandscapeLeft UIInterfaceOrientationLandscapeRight";
				LD_RUNPATH_SEARCH_PATHS = (
					"$(inherited)",
					"@executable_path/Frameworks",
				);
				MARKETING_VERSION = 1.0;
				OTHER_LDFLAGS = "-ObjC";
				PRODUCT_BUNDLE_IDENTIFIER = edu.columbia.Divvy;
				PRODUCT_NAME = "$(TARGET_NAME)";
				SWIFT_EMIT_LOC_STRINGS = YES;
				SWIFT_VERSION = 5.0;
				TARGETED_DEVICE_FAMILY = "1,2";
			};
			name = Debug;
		};
		5274D52A2AEF382C0091B8C1 /* Release */ = {
			isa = XCBuildConfiguration;
			buildSettings = {
				ASSETCATALOG_COMPILER_APPICON_NAME = AppIcon;
				ASSETCATALOG_COMPILER_GLOBAL_ACCENT_COLOR_NAME = AccentColor;
				CODE_SIGN_STYLE = Automatic;
				CURRENT_PROJECT_VERSION = 1;
				DEVELOPMENT_ASSET_PATHS = "\"Divvy/Preview Content\"";
				ENABLE_PREVIEWS = YES;
				GENERATE_INFOPLIST_FILE = YES;
				INFOPLIST_KEY_UIApplicationSceneManifest_Generation = YES;
				INFOPLIST_KEY_UIApplicationSupportsIndirectInputEvents = YES;
				INFOPLIST_KEY_UILaunchScreen_Generation = YES;
				INFOPLIST_KEY_UISupportedInterfaceOrientations_iPad = "UIInterfaceOrientationPortrait UIInterfaceOrientationPortraitUpsideDown UIInterfaceOrientationLandscapeLeft UIInterfaceOrientationLandscapeRight";
				INFOPLIST_KEY_UISupportedInterfaceOrientations_iPhone = "UIInterfaceOrientationPortrait UIInterfaceOrientationLandscapeLeft UIInterfaceOrientationLandscapeRight";
				LD_RUNPATH_SEARCH_PATHS = (
					"$(inherited)",
					"@executable_path/Frameworks",
				);
				MARKETING_VERSION = 1.0;
				OTHER_LDFLAGS = "-ObjC";
				PRODUCT_BUNDLE_IDENTIFIER = edu.columbia.Divvy;
				PRODUCT_NAME = "$(TARGET_NAME)";
				SWIFT_EMIT_LOC_STRINGS = YES;
				SWIFT_VERSION = 5.0;
				TARGETED_DEVICE_FAMILY = "1,2";
			};
			name = Release;
		};
/* End XCBuildConfiguration section */

/* Begin XCConfigurationList section */
		5274D5152AEF382A0091B8C1 /* Build configuration list for PBXProject "Divvy" */ = {
			isa = XCConfigurationList;
			buildConfigurations = (
				5274D5262AEF382C0091B8C1 /* Debug */,
				5274D5272AEF382C0091B8C1 /* Release */,
			);
			defaultConfigurationIsVisible = 0;
			defaultConfigurationName = Release;
		};
		5274D5282AEF382C0091B8C1 /* Build configuration list for PBXNativeTarget "Divvy" */ = {
			isa = XCConfigurationList;
			buildConfigurations = (
				5274D5292AEF382C0091B8C1 /* Debug */,
				5274D52A2AEF382C0091B8C1 /* Release */,
			);
			defaultConfigurationIsVisible = 0;
			defaultConfigurationName = Release;
		};
/* End XCConfigurationList section */

/* Begin XCRemoteSwiftPackageReference section */
		528D4BC32AFECCCE00282606 /* XCRemoteSwiftPackageReference "firebase-ios-sdk" */ = {
			isa = XCRemoteSwiftPackageReference;
			repositoryURL = "https://github.com/firebase/firebase-ios-sdk.git";
			requirement = {
				kind = upToNextMajorVersion;
				minimumVersion = 10.17.0;
			};
		};
/* End XCRemoteSwiftPackageReference section */

/* Begin XCSwiftPackageProductDependency section */
		528D4BC42AFECCCE00282606 /* FirebaseAnalytics */ = {
			isa = XCSwiftPackageProductDependency;
			package = 528D4BC32AFECCCE00282606 /* XCRemoteSwiftPackageReference "firebase-ios-sdk" */;
			productName = FirebaseAnalytics;
		};
		528D4BC62AFECCCE00282606 /* FirebaseAnalyticsOnDeviceConversion */ = {
			isa = XCSwiftPackageProductDependency;
			package = 528D4BC32AFECCCE00282606 /* XCRemoteSwiftPackageReference "firebase-ios-sdk" */;
			productName = FirebaseAnalyticsOnDeviceConversion;
		};
		528D4BC82AFECCCE00282606 /* FirebaseAnalyticsSwift */ = {
			isa = XCSwiftPackageProductDependency;
			package = 528D4BC32AFECCCE00282606 /* XCRemoteSwiftPackageReference "firebase-ios-sdk" */;
			productName = FirebaseAnalyticsSwift;
		};
		528D4BCA2AFECCCE00282606 /* FirebaseAnalyticsWithoutAdIdSupport */ = {
			isa = XCSwiftPackageProductDependency;
			package = 528D4BC32AFECCCE00282606 /* XCRemoteSwiftPackageReference "firebase-ios-sdk" */;
			productName = FirebaseAnalyticsWithoutAdIdSupport;
		};
		528D4BCC2AFECCCE00282606 /* FirebaseAppCheck */ = {
			isa = XCSwiftPackageProductDependency;
			package = 528D4BC32AFECCCE00282606 /* XCRemoteSwiftPackageReference "firebase-ios-sdk" */;
			productName = FirebaseAppCheck;
		};
		528D4BCE2AFECCCE00282606 /* FirebaseAppDistribution-Beta */ = {
			isa = XCSwiftPackageProductDependency;
			package = 528D4BC32AFECCCE00282606 /* XCRemoteSwiftPackageReference "firebase-ios-sdk" */;
			productName = "FirebaseAppDistribution-Beta";
		};
		528D4BD02AFECCCE00282606 /* FirebaseAuth */ = {
			isa = XCSwiftPackageProductDependency;
			package = 528D4BC32AFECCCE00282606 /* XCRemoteSwiftPackageReference "firebase-ios-sdk" */;
			productName = FirebaseAuth;
		};
		528D4BD22AFECCCE00282606 /* FirebaseAuthCombine-Community */ = {
			isa = XCSwiftPackageProductDependency;
			package = 528D4BC32AFECCCE00282606 /* XCRemoteSwiftPackageReference "firebase-ios-sdk" */;
			productName = "FirebaseAuthCombine-Community";
		};
		528D4BD42AFECCCE00282606 /* FirebaseCrashlytics */ = {
			isa = XCSwiftPackageProductDependency;
			package = 528D4BC32AFECCCE00282606 /* XCRemoteSwiftPackageReference "firebase-ios-sdk" */;
			productName = FirebaseCrashlytics;
		};
		528D4BD62AFECCCE00282606 /* FirebaseDatabase */ = {
			isa = XCSwiftPackageProductDependency;
			package = 528D4BC32AFECCCE00282606 /* XCRemoteSwiftPackageReference "firebase-ios-sdk" */;
			productName = FirebaseDatabase;
		};
		528D4BD82AFECCCE00282606 /* FirebaseDatabaseSwift */ = {
			isa = XCSwiftPackageProductDependency;
			package = 528D4BC32AFECCCE00282606 /* XCRemoteSwiftPackageReference "firebase-ios-sdk" */;
			productName = FirebaseDatabaseSwift;
		};
		528D4BDA2AFECCCE00282606 /* FirebaseDynamicLinks */ = {
			isa = XCSwiftPackageProductDependency;
			package = 528D4BC32AFECCCE00282606 /* XCRemoteSwiftPackageReference "firebase-ios-sdk" */;
			productName = FirebaseDynamicLinks;
		};
		528D4BDC2AFECCCE00282606 /* FirebaseFirestore */ = {
			isa = XCSwiftPackageProductDependency;
			package = 528D4BC32AFECCCE00282606 /* XCRemoteSwiftPackageReference "firebase-ios-sdk" */;
			productName = FirebaseFirestore;
		};
		528D4BDE2AFECCCE00282606 /* FirebaseFirestoreCombine-Community */ = {
			isa = XCSwiftPackageProductDependency;
			package = 528D4BC32AFECCCE00282606 /* XCRemoteSwiftPackageReference "firebase-ios-sdk" */;
			productName = "FirebaseFirestoreCombine-Community";
		};
		528D4BE02AFECCCE00282606 /* FirebaseInAppMessagingSwift-Beta */ = {
			isa = XCSwiftPackageProductDependency;
			package = 528D4BC32AFECCCE00282606 /* XCRemoteSwiftPackageReference "firebase-ios-sdk" */;
			productName = "FirebaseInAppMessagingSwift-Beta";
		};
		528D4BE22AFECCCE00282606 /* FirebaseInstallations */ = {
			isa = XCSwiftPackageProductDependency;
			package = 528D4BC32AFECCCE00282606 /* XCRemoteSwiftPackageReference "firebase-ios-sdk" */;
			productName = FirebaseInstallations;
		};
		528D4BE42AFECCCE00282606 /* FirebaseMLModelDownloader */ = {
			isa = XCSwiftPackageProductDependency;
			package = 528D4BC32AFECCCE00282606 /* XCRemoteSwiftPackageReference "firebase-ios-sdk" */;
			productName = FirebaseMLModelDownloader;
		};
		528D4BE62AFECCCE00282606 /* FirebaseMessaging */ = {
			isa = XCSwiftPackageProductDependency;
			package = 528D4BC32AFECCCE00282606 /* XCRemoteSwiftPackageReference "firebase-ios-sdk" */;
			productName = FirebaseMessaging;
		};
		528D4BE82AFECCCE00282606 /* FirebasePerformance */ = {
			isa = XCSwiftPackageProductDependency;
			package = 528D4BC32AFECCCE00282606 /* XCRemoteSwiftPackageReference "firebase-ios-sdk" */;
			productName = FirebasePerformance;
		};
		528D4BEA2AFECCCE00282606 /* FirebaseRemoteConfig */ = {
			isa = XCSwiftPackageProductDependency;
			package = 528D4BC32AFECCCE00282606 /* XCRemoteSwiftPackageReference "firebase-ios-sdk" */;
			productName = FirebaseRemoteConfig;
		};
		528D4BEC2AFECCCE00282606 /* FirebaseRemoteConfigSwift */ = {
			isa = XCSwiftPackageProductDependency;
			package = 528D4BC32AFECCCE00282606 /* XCRemoteSwiftPackageReference "firebase-ios-sdk" */;
			productName = FirebaseRemoteConfigSwift;
		};
		528D4BEE2AFECCCE00282606 /* FirebaseStorage */ = {
			isa = XCSwiftPackageProductDependency;
			package = 528D4BC32AFECCCE00282606 /* XCRemoteSwiftPackageReference "firebase-ios-sdk" */;
			productName = FirebaseStorage;
		};
		528D4BF02AFECCCE00282606 /* FirebaseStorageCombine-Community */ = {
			isa = XCSwiftPackageProductDependency;
			package = 528D4BC32AFECCCE00282606 /* XCRemoteSwiftPackageReference "firebase-ios-sdk" */;
			productName = "FirebaseStorageCombine-Community";
		};
/* End XCSwiftPackageProductDependency section */
	};
	rootObject = 5274D5122AEF382A0091B8C1 /* Project object */;
}
